{
  "name": "kasus",
  "version": "1.0.0",
  "lockfileVersion": 1,
  "requires": true,
  "dependencies": {
    "buefy": {
      "version": "0.8.3",
      "resolved": "https://registry.npmjs.org/buefy/-/buefy-0.8.3.tgz",
      "integrity": "sha512-01aHoCy4LAD08MmUahXC8mVqtGK/kzJ45ysXskwLWILAhyLMqkZ5fvdMKD9Ky6iDsMttPHdwUe2csmdnIx9caw==",
      "requires": {
        "bulma": "0.7.5"
      }
    },
    "bulma": {
      "version": "0.7.5",
      "resolved": "https://registry.npmjs.org/bulma/-/bulma-0.7.5.tgz",
      "integrity": "sha512-cX98TIn0I6sKba/DhW0FBjtaDpxTelU166pf7ICXpCCuplHWyu6C9LYZmL5PEsnePIeJaiorsTEzzNk3Tsm1hw=="
    }
  }
}
